
Microsoft Visual Studio Solution File, Format Version 12.00
# Visual Studio 2013
VisualStudioVersion = 12.0.21005.1
MinimumVisualStudioVersion = 10.0.40219.1
Project("{FAE04EC0-301F-11D3-BF4B-00C04F79EFBC}") = "Engine", "Engine\Engine.csproj", "{22FECDB8-36AD-4978-9C44-3EEC5DC854B8}"
EndProject
Project("{FAE04EC0-301F-11D3-BF4B-00C04F79EFBC}") = "ZombieUnknown", "ZombieUnknown\ZombieUnknown.csproj", "{FB42FDDA-8530-4F36-83C1-3D741E08ADC1}"
EndProject
Project("{FAE04EC0-301F-11D3-BF4B-00C04F79EFBC}") = "ZombieUnknown.Windows", "ZombieUnknown.Windows\ZombieUnknown.Windows.csproj", "{76A21942-959F-4574-B771-A1C788CC0429}"
EndProject
Project("{2150E333-8FDC-42A3-9474-1A3956D46DE8}") = ".nuget", ".nuget", "{78263FF1-025B-441A-ADC6-1FEB4A6BC9A4}"
	ProjectSection(SolutionItems) = preProject
		.nuget\NuGet.Config = .nuget\NuGet.Config
		.nuget\NuGet.exe = .nuget\NuGet.exe
		.nuget\NuGet.targets = .nuget\NuGet.targets
	EndProjectSection
EndProject
Project("{2150E333-8FDC-42A3-9474-1A3956D46DE8}") = "ThirdParty", "ThirdParty", "{E7B8855E-0DD8-46C8-8933-FF620C5CDC57}"
EndProject
Project("{FAE04EC0-301F-11D3-BF4B-00C04F79EFBC}") = "clipper_library", "ThirdParty\Clipper\clipper_library.csproj", "{9B062971-A88E-4A3D-B3C9-12B78D15FA66}"
EndProject
Global
	GlobalSection(SolutionConfigurationPlatforms) = preSolution
		Debug|Any CPU = Debug|Any CPU
		Debug|Mixed Platforms = Debug|Mixed Platforms
		Debug|x86 = Debug|x86
		Mac|Any CPU = Mac|Any CPU
		Mac|Mixed Platforms = Mac|Mixed Platforms
		Mac|x86 = Mac|x86
		Release|Any CPU = Release|Any CPU
		Release|Mixed Platforms = Release|Mixed Platforms
		Release|x86 = Release|x86
		Windows|Any CPU = Windows|Any CPU
		Windows|Mixed Platforms = Windows|Mixed Platforms
		Windows|x86 = Windows|x86
	EndGlobalSection
	GlobalSection(ProjectConfigurationPlatforms) = postSolution
		{22FECDB8-36AD-4978-9C44-3EEC5DC854B8}.Debug|Any CPU.ActiveCfg = Debug|Any CPU
		{22FECDB8-36AD-4978-9C44-3EEC5DC854B8}.Debug|Any CPU.Build.0 = Debug|Any CPU
		{22FECDB8-36AD-4978-9C44-3EEC5DC854B8}.Debug|Mixed Platforms.ActiveCfg = Windows|Any CPU
		{22FECDB8-36AD-4978-9C44-3EEC5DC854B8}.Debug|Mixed Platforms.Build.0 = Windows|Any CPU
		{22FECDB8-36AD-4978-9C44-3EEC5DC854B8}.Debug|x86.ActiveCfg = Debug|Any CPU
		{22FECDB8-36AD-4978-9C44-3EEC5DC854B8}.Mac|Any CPU.ActiveCfg = Mac|Any CPU
		{22FECDB8-36AD-4978-9C44-3EEC5DC854B8}.Mac|Any CPU.Build.0 = Mac|Any CPU
		{22FECDB8-36AD-4978-9C44-3EEC5DC854B8}.Mac|Mixed Platforms.ActiveCfg = Mac|Any CPU
		{22FECDB8-36AD-4978-9C44-3EEC5DC854B8}.Mac|Mixed Platforms.Build.0 = Mac|Any CPU
		{22FECDB8-36AD-4978-9C44-3EEC5DC854B8}.Mac|x86.ActiveCfg = Mac|Any CPU
		{22FECDB8-36AD-4978-9C44-3EEC5DC854B8}.Release|Any CPU.ActiveCfg = Release|Any CPU
		{22FECDB8-36AD-4978-9C44-3EEC5DC854B8}.Release|Any CPU.Build.0 = Release|Any CPU
		{22FECDB8-36AD-4978-9C44-3EEC5DC854B8}.Release|Mixed Platforms.ActiveCfg = Release|Any CPU
		{22FECDB8-36AD-4978-9C44-3EEC5DC854B8}.Release|Mixed Platforms.Build.0 = Release|Any CPU
		{22FECDB8-36AD-4978-9C44-3EEC5DC854B8}.Release|x86.ActiveCfg = Release|Any CPU
		{22FECDB8-36AD-4978-9C44-3EEC5DC854B8}.Windows|Any CPU.ActiveCfg = Windows|Any CPU
		{22FECDB8-36AD-4978-9C44-3EEC5DC854B8}.Windows|Any CPU.Build.0 = Windows|Any CPU
		{22FECDB8-36AD-4978-9C44-3EEC5DC854B8}.Windows|Mixed Platforms.ActiveCfg = Windows|Any CPU
		{22FECDB8-36AD-4978-9C44-3EEC5DC854B8}.Windows|Mixed Platforms.Build.0 = Windows|Any CPU
		{22FECDB8-36AD-4978-9C44-3EEC5DC854B8}.Windows|x86.ActiveCfg = Windows|Any CPU
		{FB42FDDA-8530-4F36-83C1-3D741E08ADC1}.Debug|Any CPU.ActiveCfg = Debug|Any CPU
		{FB42FDDA-8530-4F36-83C1-3D741E08ADC1}.Debug|Any CPU.Build.0 = Debug|Any CPU
		{FB42FDDA-8530-4F36-83C1-3D741E08ADC1}.Debug|Mixed Platforms.ActiveCfg = Windows|Any CPU
		{FB42FDDA-8530-4F36-83C1-3D741E08ADC1}.Debug|Mixed Platforms.Build.0 = Windows|Any CPU
		{FB42FDDA-8530-4F36-83C1-3D741E08ADC1}.Debug|x86.ActiveCfg = Debug|x86
		{FB42FDDA-8530-4F36-83C1-3D741E08ADC1}.Debug|x86.Build.0 = Debug|x86
		{FB42FDDA-8530-4F36-83C1-3D741E08ADC1}.Mac|Any CPU.ActiveCfg = Mac|Any CPU
		{FB42FDDA-8530-4F36-83C1-3D741E08ADC1}.Mac|Any CPU.Build.0 = Mac|Any CPU
		{FB42FDDA-8530-4F36-83C1-3D741E08ADC1}.Mac|Mixed Platforms.ActiveCfg = Mac|Any CPU
		{FB42FDDA-8530-4F36-83C1-3D741E08ADC1}.Mac|Mixed Platforms.Build.0 = Mac|Any CPU
		{FB42FDDA-8530-4F36-83C1-3D741E08ADC1}.Mac|x86.ActiveCfg = Mac|x86
		{FB42FDDA-8530-4F36-83C1-3D741E08ADC1}.Mac|x86.Build.0 = Mac|x86
		{FB42FDDA-8530-4F36-83C1-3D741E08ADC1}.Release|Any CPU.ActiveCfg = Release|Any CPU
		{FB42FDDA-8530-4F36-83C1-3D741E08ADC1}.Release|Any CPU.Build.0 = Release|Any CPU
		{FB42FDDA-8530-4F36-83C1-3D741E08ADC1}.Release|Mixed Platforms.ActiveCfg = Release|Any CPU
		{FB42FDDA-8530-4F36-83C1-3D741E08ADC1}.Release|Mixed Platforms.Build.0 = Release|Any CPU
		{FB42FDDA-8530-4F36-83C1-3D741E08ADC1}.Release|x86.ActiveCfg = Release|x86
		{FB42FDDA-8530-4F36-83C1-3D741E08ADC1}.Release|x86.Build.0 = Release|x86
		{FB42FDDA-8530-4F36-83C1-3D741E08ADC1}.Windows|Any CPU.ActiveCfg = Windows|Any CPU
		{FB42FDDA-8530-4F36-83C1-3D741E08ADC1}.Windows|Any CPU.Build.0 = Windows|Any CPU
		{FB42FDDA-8530-4F36-83C1-3D741E08ADC1}.Windows|Mixed Platforms.ActiveCfg = Windows|Any CPU
		{FB42FDDA-8530-4F36-83C1-3D741E08ADC1}.Windows|Mixed Platforms.Build.0 = Windows|Any CPU
		{FB42FDDA-8530-4F36-83C1-3D741E08ADC1}.Windows|x86.ActiveCfg = Windows|x86
		{FB42FDDA-8530-4F36-83C1-3D741E08ADC1}.Windows|x86.Build.0 = Windows|x86
		{76A21942-959F-4574-B771-A1C788CC0429}.Debug|Any CPU.ActiveCfg = Debug|x86
		{76A21942-959F-4574-B771-A1C788CC0429}.Debug|Mixed Platforms.ActiveCfg = Windows|Any CPU
		{76A21942-959F-4574-B771-A1C788CC0429}.Debug|Mixed Platforms.Build.0 = Windows|Any CPU
		{76A21942-959F-4574-B771-A1C788CC0429}.Debug|x86.ActiveCfg = Debug|x86
		{76A21942-959F-4574-B771-A1C788CC0429}.Debug|x86.Build.0 = Debug|x86
		{76A21942-959F-4574-B771-A1C788CC0429}.Mac|Any CPU.ActiveCfg = Release|x86
		{76A21942-959F-4574-B771-A1C788CC0429}.Mac|Mixed Platforms.ActiveCfg = Mac|Any CPU
		{76A21942-959F-4574-B771-A1C788CC0429}.Mac|Mixed Platforms.Build.0 = Mac|Any CPU
		{76A21942-959F-4574-B771-A1C788CC0429}.Mac|x86.ActiveCfg = Release|x86
		{76A21942-959F-4574-B771-A1C788CC0429}.Mac|x86.Build.0 = Release|x86
		{76A21942-959F-4574-B771-A1C788CC0429}.Release|Any CPU.ActiveCfg = Release|x86
		{76A21942-959F-4574-B771-A1C788CC0429}.Release|Mixed Platforms.ActiveCfg = Release|Any CPU
		{76A21942-959F-4574-B771-A1C788CC0429}.Release|Mixed Platforms.Build.0 = Release|Any CPU
		{76A21942-959F-4574-B771-A1C788CC0429}.Release|x86.ActiveCfg = Release|x86
		{76A21942-959F-4574-B771-A1C788CC0429}.Release|x86.Build.0 = Release|x86
		{76A21942-959F-4574-B771-A1C788CC0429}.Windows|Any CPU.ActiveCfg = Windows|Any CPU
		{76A21942-959F-4574-B771-A1C788CC0429}.Windows|Any CPU.Build.0 = Windows|Any CPU
		{76A21942-959F-4574-B771-A1C788CC0429}.Windows|Mixed Platforms.ActiveCfg = Windows|Any CPU
		{76A21942-959F-4574-B771-A1C788CC0429}.Windows|Mixed Platforms.Build.0 = Windows|Any CPU
		{76A21942-959F-4574-B771-A1C788CC0429}.Windows|x86.ActiveCfg = Release|x86
		{76A21942-959F-4574-B771-A1C788CC0429}.Windows|x86.Build.0 = Release|x86
		{9B062971-A88E-4A3D-B3C9-12B78D15FA66}.Debug|Any CPU.ActiveCfg = Debug|Any CPU
		{9B062971-A88E-4A3D-B3C9-12B78D15FA66}.Debug|Any CPU.Build.0 = Debug|Any CPU
		{9B062971-A88E-4A3D-B3C9-12B78D15FA66}.Debug|Mixed Platforms.ActiveCfg = Debug|Any CPU
		{9B062971-A88E-4A3D-B3C9-12B78D15FA66}.Debug|Mixed Platforms.Build.0 = Debug|Any CPU
		{9B062971-A88E-4A3D-B3C9-12B78D15FA66}.Debug|x86.ActiveCfg = Debug|Any CPU
		{9B062971-A88E-4A3D-B3C9-12B78D15FA66}.Mac|Any CPU.ActiveCfg = Release|Any CPU
		{9B062971-A88E-4A3D-B3C9-12B78D15FA66}.Mac|Any CPU.Build.0 = Release|Any CPU
		{9B062971-A88E-4A3D-B3C9-12B78D15FA66}.Mac|Mixed Platforms.ActiveCfg = Release|Any CPU
		{9B062971-A88E-4A3D-B3C9-12B78D15FA66}.Mac|Mixed Platforms.Build.0 = Release|Any CPU
		{9B062971-A88E-4A3D-B3C9-12B78D15FA66}.Mac|x86.ActiveCfg = Release|Any CPU
		{9B062971-A88E-4A3D-B3C9-12B78D15FA66}.Release|Any CPU.ActiveCfg = Release|Any CPU
		{9B062971-A88E-4A3D-B3C9-12B78D15FA66}.Release|Any CPU.Build.0 = Release|Any CPU
		{9B062971-A88E-4A3D-B3C9-12B78D15FA66}.Release|Mixed Platforms.ActiveCfg = Release|Any CPU
		{9B062971-A88E-4A3D-B3C9-12B78D15FA66}.Release|Mixed Platforms.Build.0 = Release|Any CPU
		{9B062971-A88E-4A3D-B3C9-12B78D15FA66}.Release|x86.ActiveCfg = Release|Any CPU
		{9B062971-A88E-4A3D-B3C9-12B78D15FA66}.Windows|Any CPU.ActiveCfg = Release|Any CPU
		{9B062971-A88E-4A3D-B3C9-12B78D15FA66}.Windows|Any CPU.Build.0 = Release|Any CPU
		{9B062971-A88E-4A3D-B3C9-12B78D15FA66}.Windows|Mixed Platforms.ActiveCfg = Release|Any CPU
		{9B062971-A88E-4A3D-B3C9-12B78D15FA66}.Windows|Mixed Platforms.Build.0 = Release|Any CPU
		{9B062971-A88E-4A3D-B3C9-12B78D15FA66}.Windows|x86.ActiveCfg = Release|Any CPU
	EndGlobalSection
	GlobalSection(SolutionProperties) = preSolution
		HideSolutionNode = FALSE
	EndGlobalSection
	GlobalSection(NestedProjects) = preSolution
		{9B062971-A88E-4A3D-B3C9-12B78D15FA66} = {E7B8855E-0DD8-46C8-8933-FF620C5CDC57}
	EndGlobalSection
EndGlobal
