
Microsoft Visual Studio Solution File, Format Version 12.00
# Visual Studio 2012
VisualStudioVersion = 12.0.21005.1
MinimumVisualStudioVersion = 10.0.40219.1
Project("{FAE04EC0-301F-11D3-BF4B-00C04F79EFBC}") = "ZombieUnknown.Mac", "ZombieUnknown.Mac\ZombieUnknown.Mac.csproj", "{18FB89FE-8D4B-4391-B5F0-92CEF732CA3A}"
EndProject
Project("{FAE04EC0-301F-11D3-BF4B-00C04F79EFBC}") = "Engine", "Engine\Engine.csproj", "{22FECDB8-36AD-4978-9C44-3EEC5DC854B8}"
EndProject
Project("{FAE04EC0-301F-11D3-BF4B-00C04F79EFBC}") = "ZombieUnknown", "ZombieUnknown\ZombieUnknown.csproj", "{FB42FDDA-8530-4F36-83C1-3D741E08ADC1}"
EndProject
Global
	GlobalSection(SolutionConfigurationPlatforms) = preSolution
		Debug|Any CPU = Debug|Any CPU
		Debug|Mixed Platforms = Debug|Mixed Platforms
		Debug|x86 = Debug|x86
		Mac|Any CPU = Mac|Any CPU
		Mac|Mixed Platforms = Mac|Mixed Platforms
		Mac|x86 = Mac|x86
		Release|Any CPU = Release|Any CPU
		Release|Mixed Platforms = Release|Mixed Platforms
		Release|x86 = Release|x86
		Windows|Any CPU = Windows|Any CPU
		Windows|Mixed Platforms = Windows|Mixed Platforms
		Windows|x86 = Windows|x86
	EndGlobalSection
	GlobalSection(ProjectConfigurationPlatforms) = postSolution
		{18FB89FE-8D4B-4391-B5F0-92CEF732CA3A}.Debug|Any CPU.ActiveCfg = Windows|Any CPU
		{18FB89FE-8D4B-4391-B5F0-92CEF732CA3A}.Debug|Mixed Platforms.ActiveCfg = Windows|Any CPU
		{18FB89FE-8D4B-4391-B5F0-92CEF732CA3A}.Debug|x86.ActiveCfg = Windows|Any CPU
		{18FB89FE-8D4B-4391-B5F0-92CEF732CA3A}.Mac|Any CPU.ActiveCfg = Mac|Any CPU
		{18FB89FE-8D4B-4391-B5F0-92CEF732CA3A}.Mac|Any CPU.Build.0 = Mac|Any CPU
		{18FB89FE-8D4B-4391-B5F0-92CEF732CA3A}.Mac|Mixed Platforms.ActiveCfg = Mac|Any CPU
		{18FB89FE-8D4B-4391-B5F0-92CEF732CA3A}.Mac|x86.ActiveCfg = Mac|Any CPU
		{18FB89FE-8D4B-4391-B5F0-92CEF732CA3A}.Release|Any CPU.ActiveCfg = Windows|Any CPU
		{18FB89FE-8D4B-4391-B5F0-92CEF732CA3A}.Release|Mixed Platforms.ActiveCfg = Windows|Any CPU
		{18FB89FE-8D4B-4391-B5F0-92CEF732CA3A}.Release|x86.ActiveCfg = Windows|Any CPU
		{18FB89FE-8D4B-4391-B5F0-92CEF732CA3A}.Windows|Any CPU.ActiveCfg = Windows|Any CPU
		{18FB89FE-8D4B-4391-B5F0-92CEF732CA3A}.Windows|Any CPU.Build.0 = Windows|Any CPU
		{18FB89FE-8D4B-4391-B5F0-92CEF732CA3A}.Windows|Mixed Platforms.ActiveCfg = Windows|Any CPU
		{18FB89FE-8D4B-4391-B5F0-92CEF732CA3A}.Windows|x86.ActiveCfg = Windows|Any CPU
		{22FECDB8-36AD-4978-9C44-3EEC5DC854B8}.Debug|Any CPU.ActiveCfg = Debug|Any CPU
		{22FECDB8-36AD-4978-9C44-3EEC5DC854B8}.Debug|Any CPU.Build.0 = Debug|Any CPU
		{22FECDB8-36AD-4978-9C44-3EEC5DC854B8}.Debug|Mixed Platforms.ActiveCfg = Debug|Any CPU
		{22FECDB8-36AD-4978-9C44-3EEC5DC854B8}.Debug|Mixed Platforms.Build.0 = Debug|Any CPU
		{22FECDB8-36AD-4978-9C44-3EEC5DC854B8}.Debug|x86.ActiveCfg = Debug|Any CPU
		{22FECDB8-36AD-4978-9C44-3EEC5DC854B8}.Mac|Any CPU.ActiveCfg = Mac|Any CPU
		{22FECDB8-36AD-4978-9C44-3EEC5DC854B8}.Mac|Any CPU.Build.0 = Mac|Any CPU
		{22FECDB8-36AD-4978-9C44-3EEC5DC854B8}.Mac|Mixed Platforms.ActiveCfg = Mac|Any CPU
		{22FECDB8-36AD-4978-9C44-3EEC5DC854B8}.Mac|Mixed Platforms.Build.0 = Mac|Any CPU
		{22FECDB8-36AD-4978-9C44-3EEC5DC854B8}.Mac|x86.ActiveCfg = Mac|Any CPU
		{22FECDB8-36AD-4978-9C44-3EEC5DC854B8}.Release|Any CPU.ActiveCfg = Release|Any CPU
		{22FECDB8-36AD-4978-9C44-3EEC5DC854B8}.Release|Any CPU.Build.0 = Release|Any CPU
		{22FECDB8-36AD-4978-9C44-3EEC5DC854B8}.Release|Mixed Platforms.ActiveCfg = Release|Any CPU
		{22FECDB8-36AD-4978-9C44-3EEC5DC854B8}.Release|Mixed Platforms.Build.0 = Release|Any CPU
		{22FECDB8-36AD-4978-9C44-3EEC5DC854B8}.Release|x86.ActiveCfg = Release|Any CPU
		{22FECDB8-36AD-4978-9C44-3EEC5DC854B8}.Windows|Any CPU.ActiveCfg = Windows|Any CPU
		{22FECDB8-36AD-4978-9C44-3EEC5DC854B8}.Windows|Any CPU.Build.0 = Windows|Any CPU
		{22FECDB8-36AD-4978-9C44-3EEC5DC854B8}.Windows|Mixed Platforms.ActiveCfg = Windows|Any CPU
		{22FECDB8-36AD-4978-9C44-3EEC5DC854B8}.Windows|Mixed Platforms.Build.0 = Windows|Any CPU
		{22FECDB8-36AD-4978-9C44-3EEC5DC854B8}.Windows|x86.ActiveCfg = Windows|Any CPU
		{FB42FDDA-8530-4F36-83C1-3D741E08ADC1}.Debug|Any CPU.ActiveCfg = Debug|Any CPU
		{FB42FDDA-8530-4F36-83C1-3D741E08ADC1}.Debug|Any CPU.Build.0 = Debug|Any CPU
		{FB42FDDA-8530-4F36-83C1-3D741E08ADC1}.Debug|Mixed Platforms.ActiveCfg = Debug|x86
		{FB42FDDA-8530-4F36-83C1-3D741E08ADC1}.Debug|Mixed Platforms.Build.0 = Debug|x86
		{FB42FDDA-8530-4F36-83C1-3D741E08ADC1}.Debug|x86.ActiveCfg = Debug|x86
		{FB42FDDA-8530-4F36-83C1-3D741E08ADC1}.Debug|x86.Build.0 = Debug|x86
		{FB42FDDA-8530-4F36-83C1-3D741E08ADC1}.Mac|Any CPU.ActiveCfg = Mac|Any CPU
		{FB42FDDA-8530-4F36-83C1-3D741E08ADC1}.Mac|Any CPU.Build.0 = Mac|Any CPU
		{FB42FDDA-8530-4F36-83C1-3D741E08ADC1}.Mac|Mixed Platforms.ActiveCfg = Mac|x86
		{FB42FDDA-8530-4F36-83C1-3D741E08ADC1}.Mac|Mixed Platforms.Build.0 = Mac|x86
		{FB42FDDA-8530-4F36-83C1-3D741E08ADC1}.Mac|x86.ActiveCfg = Mac|x86
		{FB42FDDA-8530-4F36-83C1-3D741E08ADC1}.Mac|x86.Build.0 = Mac|x86
		{FB42FDDA-8530-4F36-83C1-3D741E08ADC1}.Release|Any CPU.ActiveCfg = Release|Any CPU
		{FB42FDDA-8530-4F36-83C1-3D741E08ADC1}.Release|Any CPU.Build.0 = Release|Any CPU
		{FB42FDDA-8530-4F36-83C1-3D741E08ADC1}.Release|Mixed Platforms.ActiveCfg = Release|x86
		{FB42FDDA-8530-4F36-83C1-3D741E08ADC1}.Release|Mixed Platforms.Build.0 = Release|x86
		{FB42FDDA-8530-4F36-83C1-3D741E08ADC1}.Release|x86.ActiveCfg = Release|x86
		{FB42FDDA-8530-4F36-83C1-3D741E08ADC1}.Release|x86.Build.0 = Release|x86
		{FB42FDDA-8530-4F36-83C1-3D741E08ADC1}.Windows|Any CPU.ActiveCfg = Windows|Any CPU
		{FB42FDDA-8530-4F36-83C1-3D741E08ADC1}.Windows|Any CPU.Build.0 = Windows|Any CPU
		{FB42FDDA-8530-4F36-83C1-3D741E08ADC1}.Windows|Mixed Platforms.ActiveCfg = Windows|x86
		{FB42FDDA-8530-4F36-83C1-3D741E08ADC1}.Windows|Mixed Platforms.Build.0 = Windows|x86
		{FB42FDDA-8530-4F36-83C1-3D741E08ADC1}.Windows|x86.ActiveCfg = Windows|x86
		{FB42FDDA-8530-4F36-83C1-3D741E08ADC1}.Windows|x86.Build.0 = Windows|x86
	EndGlobalSection
	GlobalSection(MonoDevelopProperties) = preSolution
		StartupItem = ZombieUnknown.Mac\ZombieUnknown.Mac.csproj
		Policies = $0
		$0.DotNetNamingPolicy = $1
		$1.DirectoryNamespaceAssociation = PrefixedHierarchical
		$1.ResourceNamePolicy = FileFormatDefault
		$0.TextStylePolicy = $2
		$2.FileWidth = 120
		$2.TabsToSpaces = False
		$2.inheritsSet = VisualStudio
		$2.inheritsScope = text/plain
		$0.TextStylePolicy = $3
		$3.inheritsSet = null
		$3.scope = text/x-csharp
		$0.CSharpFormattingPolicy = $4
		$4.AfterDelegateDeclarationParameterComma = True
		$4.inheritsSet = Mono
		$4.inheritsScope = text/x-csharp
		$4.scope = text/x-csharp
		$0.TextStylePolicy = $5
		$5.FileWidth = 120
		$5.NoTabsAfterNonTabs = True
		$5.inheritsSet = VisualStudio
		$5.inheritsScope = text/plain
		$5.scope = text/plain
		$0.TextStylePolicy = $6
		$6.inheritsSet = null
		$6.scope = application/config+xml
		$0.XmlFormattingPolicy = $7
		$7.inheritsSet = null
		$7.scope = application/config+xml
	EndGlobalSection
	GlobalSection(SolutionProperties) = preSolution
		HideSolutionNode = FALSE
	EndGlobalSection
EndGlobal
