
Microsoft Visual Studio Solution File, Format Version 12.00
# Visual Studio 2013
VisualStudioVersion = 12.0.21005.1
MinimumVisualStudioVersion = 10.0.40219.1
Project("{FAE04EC0-301F-11D3-BF4B-00C04F79EFBC}") = "Engine", "Engine\Engine.csproj", "{22FECDB8-36AD-4978-9C44-3EEC5DC854B8}"
EndProject
Project("{FAE04EC0-301F-11D3-BF4B-00C04F79EFBC}") = "ZombieUnknown", "ZombieUnknown\ZombieUnknown.csproj", "{FB42FDDA-8530-4F36-83C1-3D741E08ADC1}"
EndProject
Project("{FAE04EC0-301F-11D3-BF4B-00C04F79EFBC}") = "ZombieUnknown.Windows", "ZombieUnknown.Windows\ZombieUnknown.Windows.csproj", "{76A21942-959F-4574-B771-A1C788CC0429}"
EndProject
Project("{FAE04EC0-301F-11D3-BF4B-00C04F79EFBC}") = "ZombieUnknown.Content", "ZombieUnknown.Content\ZombieUnknown.Content\ZombieUnknown.Content.csproj", "{F935CC79-477F-4E4D-B934-1D8C7CAE626D}"
EndProject
Project("{96E2B04D-8817-42C6-938A-82C39BA4D311}") = "ZombieUnknown.ContentContent", "ZombieUnknown.Content\ZombieUnknown.ContentContent\ZombieUnknown.ContentContent.contentproj", "{958DF603-7E2A-44DE-9572-350BA64AD6A6}"
EndProject
Project("{2150E333-8FDC-42A3-9474-1A3956D46DE8}") = "Content", "Content", "{472A9F98-A862-4E50-BC6A-8AF61C6B2063}"
EndProject
Global
	GlobalSection(SolutionConfigurationPlatforms) = preSolution
		Android|Any CPU = Android|Any CPU
		Android|Mixed Platforms = Android|Mixed Platforms
		Android|x86 = Android|x86
		Debug|Any CPU = Debug|Any CPU
		Debug|Mixed Platforms = Debug|Mixed Platforms
		Debug|x86 = Debug|x86
		iOS|Any CPU = iOS|Any CPU
		iOS|Mixed Platforms = iOS|Mixed Platforms
		iOS|x86 = iOS|x86
		Linux|Any CPU = Linux|Any CPU
		Linux|Mixed Platforms = Linux|Mixed Platforms
		Linux|x86 = Linux|x86
		Mac|Any CPU = Mac|Any CPU
		Mac|Mixed Platforms = Mac|Mixed Platforms
		Mac|x86 = Mac|x86
		OSX|Any CPU = OSX|Any CPU
		OSX|Mixed Platforms = OSX|Mixed Platforms
		OSX|x86 = OSX|x86
		PSM|Any CPU = PSM|Any CPU
		PSM|Mixed Platforms = PSM|Mixed Platforms
		PSM|x86 = PSM|x86
		Release|Any CPU = Release|Any CPU
		Release|Mixed Platforms = Release|Mixed Platforms
		Release|x86 = Release|x86
		Windows|Any CPU = Windows|Any CPU
		Windows|Mixed Platforms = Windows|Mixed Platforms
		Windows|x86 = Windows|x86
		Windows8|Any CPU = Windows8|Any CPU
		Windows8|Mixed Platforms = Windows8|Mixed Platforms
		Windows8|x86 = Windows8|x86
	EndGlobalSection
	GlobalSection(ProjectConfigurationPlatforms) = postSolution
		{22FECDB8-36AD-4978-9C44-3EEC5DC854B8}.Android|Any CPU.ActiveCfg = Windows|Any CPU
		{22FECDB8-36AD-4978-9C44-3EEC5DC854B8}.Android|Any CPU.Build.0 = Windows|Any CPU
		{22FECDB8-36AD-4978-9C44-3EEC5DC854B8}.Android|Mixed Platforms.ActiveCfg = Windows|Any CPU
		{22FECDB8-36AD-4978-9C44-3EEC5DC854B8}.Android|Mixed Platforms.Build.0 = Windows|Any CPU
		{22FECDB8-36AD-4978-9C44-3EEC5DC854B8}.Android|x86.ActiveCfg = Windows|Any CPU
		{22FECDB8-36AD-4978-9C44-3EEC5DC854B8}.Debug|Any CPU.ActiveCfg = Debug|Any CPU
		{22FECDB8-36AD-4978-9C44-3EEC5DC854B8}.Debug|Any CPU.Build.0 = Debug|Any CPU
		{22FECDB8-36AD-4978-9C44-3EEC5DC854B8}.Debug|Mixed Platforms.ActiveCfg = Debug|Any CPU
		{22FECDB8-36AD-4978-9C44-3EEC5DC854B8}.Debug|Mixed Platforms.Build.0 = Debug|Any CPU
		{22FECDB8-36AD-4978-9C44-3EEC5DC854B8}.Debug|x86.ActiveCfg = Debug|Any CPU
		{22FECDB8-36AD-4978-9C44-3EEC5DC854B8}.iOS|Any CPU.ActiveCfg = Windows|Any CPU
		{22FECDB8-36AD-4978-9C44-3EEC5DC854B8}.iOS|Any CPU.Build.0 = Windows|Any CPU
		{22FECDB8-36AD-4978-9C44-3EEC5DC854B8}.iOS|Mixed Platforms.ActiveCfg = Windows|Any CPU
		{22FECDB8-36AD-4978-9C44-3EEC5DC854B8}.iOS|Mixed Platforms.Build.0 = Windows|Any CPU
		{22FECDB8-36AD-4978-9C44-3EEC5DC854B8}.iOS|x86.ActiveCfg = Windows|Any CPU
		{22FECDB8-36AD-4978-9C44-3EEC5DC854B8}.Linux|Any CPU.ActiveCfg = Windows|Any CPU
		{22FECDB8-36AD-4978-9C44-3EEC5DC854B8}.Linux|Any CPU.Build.0 = Windows|Any CPU
		{22FECDB8-36AD-4978-9C44-3EEC5DC854B8}.Linux|Mixed Platforms.ActiveCfg = Windows|Any CPU
		{22FECDB8-36AD-4978-9C44-3EEC5DC854B8}.Linux|Mixed Platforms.Build.0 = Windows|Any CPU
		{22FECDB8-36AD-4978-9C44-3EEC5DC854B8}.Linux|x86.ActiveCfg = Windows|Any CPU
		{22FECDB8-36AD-4978-9C44-3EEC5DC854B8}.Mac|Any CPU.ActiveCfg = Mac|Any CPU
		{22FECDB8-36AD-4978-9C44-3EEC5DC854B8}.Mac|Any CPU.Build.0 = Mac|Any CPU
		{22FECDB8-36AD-4978-9C44-3EEC5DC854B8}.Mac|Mixed Platforms.ActiveCfg = Mac|Any CPU
		{22FECDB8-36AD-4978-9C44-3EEC5DC854B8}.Mac|Mixed Platforms.Build.0 = Mac|Any CPU
		{22FECDB8-36AD-4978-9C44-3EEC5DC854B8}.Mac|x86.ActiveCfg = Mac|Any CPU
		{22FECDB8-36AD-4978-9C44-3EEC5DC854B8}.OSX|Any CPU.ActiveCfg = Windows|Any CPU
		{22FECDB8-36AD-4978-9C44-3EEC5DC854B8}.OSX|Any CPU.Build.0 = Windows|Any CPU
		{22FECDB8-36AD-4978-9C44-3EEC5DC854B8}.OSX|Mixed Platforms.ActiveCfg = Windows|Any CPU
		{22FECDB8-36AD-4978-9C44-3EEC5DC854B8}.OSX|Mixed Platforms.Build.0 = Windows|Any CPU
		{22FECDB8-36AD-4978-9C44-3EEC5DC854B8}.OSX|x86.ActiveCfg = Windows|Any CPU
		{22FECDB8-36AD-4978-9C44-3EEC5DC854B8}.PSM|Any CPU.ActiveCfg = Windows|Any CPU
		{22FECDB8-36AD-4978-9C44-3EEC5DC854B8}.PSM|Any CPU.Build.0 = Windows|Any CPU
		{22FECDB8-36AD-4978-9C44-3EEC5DC854B8}.PSM|Mixed Platforms.ActiveCfg = Windows|Any CPU
		{22FECDB8-36AD-4978-9C44-3EEC5DC854B8}.PSM|Mixed Platforms.Build.0 = Windows|Any CPU
		{22FECDB8-36AD-4978-9C44-3EEC5DC854B8}.PSM|x86.ActiveCfg = Windows|Any CPU
		{22FECDB8-36AD-4978-9C44-3EEC5DC854B8}.Release|Any CPU.ActiveCfg = Release|Any CPU
		{22FECDB8-36AD-4978-9C44-3EEC5DC854B8}.Release|Any CPU.Build.0 = Release|Any CPU
		{22FECDB8-36AD-4978-9C44-3EEC5DC854B8}.Release|Mixed Platforms.ActiveCfg = Release|Any CPU
		{22FECDB8-36AD-4978-9C44-3EEC5DC854B8}.Release|Mixed Platforms.Build.0 = Release|Any CPU
		{22FECDB8-36AD-4978-9C44-3EEC5DC854B8}.Release|x86.ActiveCfg = Release|Any CPU
		{22FECDB8-36AD-4978-9C44-3EEC5DC854B8}.Windows|Any CPU.ActiveCfg = Windows|Any CPU
		{22FECDB8-36AD-4978-9C44-3EEC5DC854B8}.Windows|Any CPU.Build.0 = Windows|Any CPU
		{22FECDB8-36AD-4978-9C44-3EEC5DC854B8}.Windows|Mixed Platforms.ActiveCfg = Windows|Any CPU
		{22FECDB8-36AD-4978-9C44-3EEC5DC854B8}.Windows|Mixed Platforms.Build.0 = Windows|Any CPU
		{22FECDB8-36AD-4978-9C44-3EEC5DC854B8}.Windows|x86.ActiveCfg = Windows|Any CPU
		{22FECDB8-36AD-4978-9C44-3EEC5DC854B8}.Windows8|Any CPU.ActiveCfg = Windows|Any CPU
		{22FECDB8-36AD-4978-9C44-3EEC5DC854B8}.Windows8|Any CPU.Build.0 = Windows|Any CPU
		{22FECDB8-36AD-4978-9C44-3EEC5DC854B8}.Windows8|Mixed Platforms.ActiveCfg = Windows|Any CPU
		{22FECDB8-36AD-4978-9C44-3EEC5DC854B8}.Windows8|Mixed Platforms.Build.0 = Windows|Any CPU
		{22FECDB8-36AD-4978-9C44-3EEC5DC854B8}.Windows8|x86.ActiveCfg = Windows|Any CPU
		{FB42FDDA-8530-4F36-83C1-3D741E08ADC1}.Android|Any CPU.ActiveCfg = Windows|Any CPU
		{FB42FDDA-8530-4F36-83C1-3D741E08ADC1}.Android|Any CPU.Build.0 = Windows|Any CPU
		{FB42FDDA-8530-4F36-83C1-3D741E08ADC1}.Android|Mixed Platforms.ActiveCfg = Windows|x86
		{FB42FDDA-8530-4F36-83C1-3D741E08ADC1}.Android|Mixed Platforms.Build.0 = Windows|x86
		{FB42FDDA-8530-4F36-83C1-3D741E08ADC1}.Android|x86.ActiveCfg = Windows|x86
		{FB42FDDA-8530-4F36-83C1-3D741E08ADC1}.Android|x86.Build.0 = Windows|x86
		{FB42FDDA-8530-4F36-83C1-3D741E08ADC1}.Debug|Any CPU.ActiveCfg = Debug|Any CPU
		{FB42FDDA-8530-4F36-83C1-3D741E08ADC1}.Debug|Any CPU.Build.0 = Debug|Any CPU
		{FB42FDDA-8530-4F36-83C1-3D741E08ADC1}.Debug|Mixed Platforms.ActiveCfg = Debug|Any CPU
		{FB42FDDA-8530-4F36-83C1-3D741E08ADC1}.Debug|Mixed Platforms.Build.0 = Debug|Any CPU
		{FB42FDDA-8530-4F36-83C1-3D741E08ADC1}.Debug|x86.ActiveCfg = Debug|x86
		{FB42FDDA-8530-4F36-83C1-3D741E08ADC1}.Debug|x86.Build.0 = Debug|x86
		{FB42FDDA-8530-4F36-83C1-3D741E08ADC1}.iOS|Any CPU.ActiveCfg = Windows|Any CPU
		{FB42FDDA-8530-4F36-83C1-3D741E08ADC1}.iOS|Any CPU.Build.0 = Windows|Any CPU
		{FB42FDDA-8530-4F36-83C1-3D741E08ADC1}.iOS|Mixed Platforms.ActiveCfg = Windows|x86
		{FB42FDDA-8530-4F36-83C1-3D741E08ADC1}.iOS|Mixed Platforms.Build.0 = Windows|x86
		{FB42FDDA-8530-4F36-83C1-3D741E08ADC1}.iOS|x86.ActiveCfg = Windows|x86
		{FB42FDDA-8530-4F36-83C1-3D741E08ADC1}.iOS|x86.Build.0 = Windows|x86
		{FB42FDDA-8530-4F36-83C1-3D741E08ADC1}.Linux|Any CPU.ActiveCfg = Windows|Any CPU
		{FB42FDDA-8530-4F36-83C1-3D741E08ADC1}.Linux|Any CPU.Build.0 = Windows|Any CPU
		{FB42FDDA-8530-4F36-83C1-3D741E08ADC1}.Linux|Mixed Platforms.ActiveCfg = Windows|x86
		{FB42FDDA-8530-4F36-83C1-3D741E08ADC1}.Linux|Mixed Platforms.Build.0 = Windows|x86
		{FB42FDDA-8530-4F36-83C1-3D741E08ADC1}.Linux|x86.ActiveCfg = Windows|x86
		{FB42FDDA-8530-4F36-83C1-3D741E08ADC1}.Linux|x86.Build.0 = Windows|x86
		{FB42FDDA-8530-4F36-83C1-3D741E08ADC1}.Mac|Any CPU.ActiveCfg = Mac|Any CPU
		{FB42FDDA-8530-4F36-83C1-3D741E08ADC1}.Mac|Any CPU.Build.0 = Mac|Any CPU
		{FB42FDDA-8530-4F36-83C1-3D741E08ADC1}.Mac|Mixed Platforms.ActiveCfg = Mac|Any CPU
		{FB42FDDA-8530-4F36-83C1-3D741E08ADC1}.Mac|Mixed Platforms.Build.0 = Mac|Any CPU
		{FB42FDDA-8530-4F36-83C1-3D741E08ADC1}.Mac|x86.ActiveCfg = Mac|x86
		{FB42FDDA-8530-4F36-83C1-3D741E08ADC1}.Mac|x86.Build.0 = Mac|x86
		{FB42FDDA-8530-4F36-83C1-3D741E08ADC1}.OSX|Any CPU.ActiveCfg = Windows|Any CPU
		{FB42FDDA-8530-4F36-83C1-3D741E08ADC1}.OSX|Any CPU.Build.0 = Windows|Any CPU
		{FB42FDDA-8530-4F36-83C1-3D741E08ADC1}.OSX|Mixed Platforms.ActiveCfg = Windows|x86
		{FB42FDDA-8530-4F36-83C1-3D741E08ADC1}.OSX|Mixed Platforms.Build.0 = Windows|x86
		{FB42FDDA-8530-4F36-83C1-3D741E08ADC1}.OSX|x86.ActiveCfg = Windows|x86
		{FB42FDDA-8530-4F36-83C1-3D741E08ADC1}.OSX|x86.Build.0 = Windows|x86
		{FB42FDDA-8530-4F36-83C1-3D741E08ADC1}.PSM|Any CPU.ActiveCfg = Windows|Any CPU
		{FB42FDDA-8530-4F36-83C1-3D741E08ADC1}.PSM|Any CPU.Build.0 = Windows|Any CPU
		{FB42FDDA-8530-4F36-83C1-3D741E08ADC1}.PSM|Mixed Platforms.ActiveCfg = Windows|x86
		{FB42FDDA-8530-4F36-83C1-3D741E08ADC1}.PSM|Mixed Platforms.Build.0 = Windows|x86
		{FB42FDDA-8530-4F36-83C1-3D741E08ADC1}.PSM|x86.ActiveCfg = Windows|x86
		{FB42FDDA-8530-4F36-83C1-3D741E08ADC1}.PSM|x86.Build.0 = Windows|x86
		{FB42FDDA-8530-4F36-83C1-3D741E08ADC1}.Release|Any CPU.ActiveCfg = Release|Any CPU
		{FB42FDDA-8530-4F36-83C1-3D741E08ADC1}.Release|Any CPU.Build.0 = Release|Any CPU
		{FB42FDDA-8530-4F36-83C1-3D741E08ADC1}.Release|Mixed Platforms.ActiveCfg = Release|Any CPU
		{FB42FDDA-8530-4F36-83C1-3D741E08ADC1}.Release|Mixed Platforms.Build.0 = Release|Any CPU
		{FB42FDDA-8530-4F36-83C1-3D741E08ADC1}.Release|x86.ActiveCfg = Release|x86
		{FB42FDDA-8530-4F36-83C1-3D741E08ADC1}.Release|x86.Build.0 = Release|x86
		{FB42FDDA-8530-4F36-83C1-3D741E08ADC1}.Windows|Any CPU.ActiveCfg = Windows|Any CPU
		{FB42FDDA-8530-4F36-83C1-3D741E08ADC1}.Windows|Any CPU.Build.0 = Windows|Any CPU
		{FB42FDDA-8530-4F36-83C1-3D741E08ADC1}.Windows|Mixed Platforms.ActiveCfg = Windows|Any CPU
		{FB42FDDA-8530-4F36-83C1-3D741E08ADC1}.Windows|Mixed Platforms.Build.0 = Windows|Any CPU
		{FB42FDDA-8530-4F36-83C1-3D741E08ADC1}.Windows|x86.ActiveCfg = Windows|x86
		{FB42FDDA-8530-4F36-83C1-3D741E08ADC1}.Windows|x86.Build.0 = Windows|x86
		{FB42FDDA-8530-4F36-83C1-3D741E08ADC1}.Windows8|Any CPU.ActiveCfg = Windows|Any CPU
		{FB42FDDA-8530-4F36-83C1-3D741E08ADC1}.Windows8|Any CPU.Build.0 = Windows|Any CPU
		{FB42FDDA-8530-4F36-83C1-3D741E08ADC1}.Windows8|Mixed Platforms.ActiveCfg = Windows|x86
		{FB42FDDA-8530-4F36-83C1-3D741E08ADC1}.Windows8|Mixed Platforms.Build.0 = Windows|x86
		{FB42FDDA-8530-4F36-83C1-3D741E08ADC1}.Windows8|x86.ActiveCfg = Windows|x86
		{FB42FDDA-8530-4F36-83C1-3D741E08ADC1}.Windows8|x86.Build.0 = Windows|x86
		{76A21942-959F-4574-B771-A1C788CC0429}.Android|Any CPU.ActiveCfg = Windows|Any CPU
		{76A21942-959F-4574-B771-A1C788CC0429}.Android|Any CPU.Build.0 = Windows|Any CPU
		{76A21942-959F-4574-B771-A1C788CC0429}.Android|Mixed Platforms.ActiveCfg = Windows|x86
		{76A21942-959F-4574-B771-A1C788CC0429}.Android|Mixed Platforms.Build.0 = Windows|x86
		{76A21942-959F-4574-B771-A1C788CC0429}.Android|x86.ActiveCfg = Windows|x86
		{76A21942-959F-4574-B771-A1C788CC0429}.Android|x86.Build.0 = Windows|x86
		{76A21942-959F-4574-B771-A1C788CC0429}.Debug|Any CPU.ActiveCfg = Debug|x86
		{76A21942-959F-4574-B771-A1C788CC0429}.Debug|Mixed Platforms.ActiveCfg = Debug|Any CPU
		{76A21942-959F-4574-B771-A1C788CC0429}.Debug|Mixed Platforms.Build.0 = Debug|Any CPU
		{76A21942-959F-4574-B771-A1C788CC0429}.Debug|x86.ActiveCfg = Debug|x86
		{76A21942-959F-4574-B771-A1C788CC0429}.Debug|x86.Build.0 = Debug|x86
		{76A21942-959F-4574-B771-A1C788CC0429}.iOS|Any CPU.ActiveCfg = Windows|Any CPU
		{76A21942-959F-4574-B771-A1C788CC0429}.iOS|Any CPU.Build.0 = Windows|Any CPU
		{76A21942-959F-4574-B771-A1C788CC0429}.iOS|Mixed Platforms.ActiveCfg = Windows|x86
		{76A21942-959F-4574-B771-A1C788CC0429}.iOS|Mixed Platforms.Build.0 = Windows|x86
		{76A21942-959F-4574-B771-A1C788CC0429}.iOS|x86.ActiveCfg = Windows|x86
		{76A21942-959F-4574-B771-A1C788CC0429}.iOS|x86.Build.0 = Windows|x86
		{76A21942-959F-4574-B771-A1C788CC0429}.Linux|Any CPU.ActiveCfg = Windows|Any CPU
		{76A21942-959F-4574-B771-A1C788CC0429}.Linux|Any CPU.Build.0 = Windows|Any CPU
		{76A21942-959F-4574-B771-A1C788CC0429}.Linux|Mixed Platforms.ActiveCfg = Windows|x86
		{76A21942-959F-4574-B771-A1C788CC0429}.Linux|Mixed Platforms.Build.0 = Windows|x86
		{76A21942-959F-4574-B771-A1C788CC0429}.Linux|x86.ActiveCfg = Windows|x86
		{76A21942-959F-4574-B771-A1C788CC0429}.Linux|x86.Build.0 = Windows|x86
		{76A21942-959F-4574-B771-A1C788CC0429}.Mac|Any CPU.ActiveCfg = Release|x86
		{76A21942-959F-4574-B771-A1C788CC0429}.Mac|Mixed Platforms.ActiveCfg = Mac|Any CPU
		{76A21942-959F-4574-B771-A1C788CC0429}.Mac|Mixed Platforms.Build.0 = Mac|Any CPU
		{76A21942-959F-4574-B771-A1C788CC0429}.Mac|x86.ActiveCfg = Release|x86
		{76A21942-959F-4574-B771-A1C788CC0429}.Mac|x86.Build.0 = Release|x86
		{76A21942-959F-4574-B771-A1C788CC0429}.OSX|Any CPU.ActiveCfg = Windows|Any CPU
		{76A21942-959F-4574-B771-A1C788CC0429}.OSX|Any CPU.Build.0 = Windows|Any CPU
		{76A21942-959F-4574-B771-A1C788CC0429}.OSX|Mixed Platforms.ActiveCfg = Windows|x86
		{76A21942-959F-4574-B771-A1C788CC0429}.OSX|Mixed Platforms.Build.0 = Windows|x86
		{76A21942-959F-4574-B771-A1C788CC0429}.OSX|x86.ActiveCfg = Windows|x86
		{76A21942-959F-4574-B771-A1C788CC0429}.OSX|x86.Build.0 = Windows|x86
		{76A21942-959F-4574-B771-A1C788CC0429}.PSM|Any CPU.ActiveCfg = Windows|Any CPU
		{76A21942-959F-4574-B771-A1C788CC0429}.PSM|Any CPU.Build.0 = Windows|Any CPU
		{76A21942-959F-4574-B771-A1C788CC0429}.PSM|Mixed Platforms.ActiveCfg = Windows|x86
		{76A21942-959F-4574-B771-A1C788CC0429}.PSM|Mixed Platforms.Build.0 = Windows|x86
		{76A21942-959F-4574-B771-A1C788CC0429}.PSM|x86.ActiveCfg = Windows|x86
		{76A21942-959F-4574-B771-A1C788CC0429}.PSM|x86.Build.0 = Windows|x86
		{76A21942-959F-4574-B771-A1C788CC0429}.Release|Any CPU.ActiveCfg = Release|x86
		{76A21942-959F-4574-B771-A1C788CC0429}.Release|Mixed Platforms.ActiveCfg = Release|Any CPU
		{76A21942-959F-4574-B771-A1C788CC0429}.Release|Mixed Platforms.Build.0 = Release|Any CPU
		{76A21942-959F-4574-B771-A1C788CC0429}.Release|x86.ActiveCfg = Release|x86
		{76A21942-959F-4574-B771-A1C788CC0429}.Release|x86.Build.0 = Release|x86
		{76A21942-959F-4574-B771-A1C788CC0429}.Windows|Any CPU.ActiveCfg = Windows|Any CPU
		{76A21942-959F-4574-B771-A1C788CC0429}.Windows|Any CPU.Build.0 = Windows|Any CPU
		{76A21942-959F-4574-B771-A1C788CC0429}.Windows|Mixed Platforms.ActiveCfg = Windows|Any CPU
		{76A21942-959F-4574-B771-A1C788CC0429}.Windows|Mixed Platforms.Build.0 = Windows|Any CPU
		{76A21942-959F-4574-B771-A1C788CC0429}.Windows|x86.ActiveCfg = Release|x86
		{76A21942-959F-4574-B771-A1C788CC0429}.Windows|x86.Build.0 = Release|x86
		{76A21942-959F-4574-B771-A1C788CC0429}.Windows8|Any CPU.ActiveCfg = Windows|Any CPU
		{76A21942-959F-4574-B771-A1C788CC0429}.Windows8|Any CPU.Build.0 = Windows|Any CPU
		{76A21942-959F-4574-B771-A1C788CC0429}.Windows8|Mixed Platforms.ActiveCfg = Windows|x86
		{76A21942-959F-4574-B771-A1C788CC0429}.Windows8|Mixed Platforms.Build.0 = Windows|x86
		{76A21942-959F-4574-B771-A1C788CC0429}.Windows8|x86.ActiveCfg = Windows|x86
		{76A21942-959F-4574-B771-A1C788CC0429}.Windows8|x86.Build.0 = Windows|x86
		{F935CC79-477F-4E4D-B934-1D8C7CAE626D}.Android|Any CPU.ActiveCfg = Android|Any CPU
		{F935CC79-477F-4E4D-B934-1D8C7CAE626D}.Android|Any CPU.Build.0 = Android|Any CPU
		{F935CC79-477F-4E4D-B934-1D8C7CAE626D}.Android|Mixed Platforms.ActiveCfg = Android|Any CPU
		{F935CC79-477F-4E4D-B934-1D8C7CAE626D}.Android|Mixed Platforms.Build.0 = Android|Any CPU
		{F935CC79-477F-4E4D-B934-1D8C7CAE626D}.Android|x86.ActiveCfg = Android|Any CPU
		{F935CC79-477F-4E4D-B934-1D8C7CAE626D}.Debug|Any CPU.ActiveCfg = PSM|Any CPU
		{F935CC79-477F-4E4D-B934-1D8C7CAE626D}.Debug|Any CPU.Build.0 = PSM|Any CPU
		{F935CC79-477F-4E4D-B934-1D8C7CAE626D}.Debug|Mixed Platforms.ActiveCfg = PSM|Any CPU
		{F935CC79-477F-4E4D-B934-1D8C7CAE626D}.Debug|Mixed Platforms.Build.0 = PSM|Any CPU
		{F935CC79-477F-4E4D-B934-1D8C7CAE626D}.Debug|x86.ActiveCfg = PSM|Any CPU
		{F935CC79-477F-4E4D-B934-1D8C7CAE626D}.iOS|Any CPU.ActiveCfg = iOS|Any CPU
		{F935CC79-477F-4E4D-B934-1D8C7CAE626D}.iOS|Any CPU.Build.0 = iOS|Any CPU
		{F935CC79-477F-4E4D-B934-1D8C7CAE626D}.iOS|Mixed Platforms.ActiveCfg = iOS|Any CPU
		{F935CC79-477F-4E4D-B934-1D8C7CAE626D}.iOS|Mixed Platforms.Build.0 = iOS|Any CPU
		{F935CC79-477F-4E4D-B934-1D8C7CAE626D}.iOS|x86.ActiveCfg = iOS|Any CPU
		{F935CC79-477F-4E4D-B934-1D8C7CAE626D}.Linux|Any CPU.ActiveCfg = Linux|Any CPU
		{F935CC79-477F-4E4D-B934-1D8C7CAE626D}.Linux|Any CPU.Build.0 = Linux|Any CPU
		{F935CC79-477F-4E4D-B934-1D8C7CAE626D}.Linux|Mixed Platforms.ActiveCfg = Linux|Any CPU
		{F935CC79-477F-4E4D-B934-1D8C7CAE626D}.Linux|Mixed Platforms.Build.0 = Linux|Any CPU
		{F935CC79-477F-4E4D-B934-1D8C7CAE626D}.Linux|x86.ActiveCfg = Linux|Any CPU
		{F935CC79-477F-4E4D-B934-1D8C7CAE626D}.Mac|Any CPU.ActiveCfg = PSM|Any CPU
		{F935CC79-477F-4E4D-B934-1D8C7CAE626D}.Mac|Any CPU.Build.0 = PSM|Any CPU
		{F935CC79-477F-4E4D-B934-1D8C7CAE626D}.Mac|Mixed Platforms.ActiveCfg = PSM|Any CPU
		{F935CC79-477F-4E4D-B934-1D8C7CAE626D}.Mac|Mixed Platforms.Build.0 = PSM|Any CPU
		{F935CC79-477F-4E4D-B934-1D8C7CAE626D}.Mac|x86.ActiveCfg = PSM|Any CPU
		{F935CC79-477F-4E4D-B934-1D8C7CAE626D}.OSX|Any CPU.ActiveCfg = OSX|Any CPU
		{F935CC79-477F-4E4D-B934-1D8C7CAE626D}.OSX|Any CPU.Build.0 = OSX|Any CPU
		{F935CC79-477F-4E4D-B934-1D8C7CAE626D}.OSX|Mixed Platforms.ActiveCfg = OSX|Any CPU
		{F935CC79-477F-4E4D-B934-1D8C7CAE626D}.OSX|Mixed Platforms.Build.0 = OSX|Any CPU
		{F935CC79-477F-4E4D-B934-1D8C7CAE626D}.OSX|x86.ActiveCfg = OSX|Any CPU
		{F935CC79-477F-4E4D-B934-1D8C7CAE626D}.PSM|Any CPU.ActiveCfg = PSM|Any CPU
		{F935CC79-477F-4E4D-B934-1D8C7CAE626D}.PSM|Any CPU.Build.0 = PSM|Any CPU
		{F935CC79-477F-4E4D-B934-1D8C7CAE626D}.PSM|Mixed Platforms.ActiveCfg = PSM|Any CPU
		{F935CC79-477F-4E4D-B934-1D8C7CAE626D}.PSM|Mixed Platforms.Build.0 = PSM|Any CPU
		{F935CC79-477F-4E4D-B934-1D8C7CAE626D}.PSM|x86.ActiveCfg = PSM|Any CPU
		{F935CC79-477F-4E4D-B934-1D8C7CAE626D}.Release|Any CPU.ActiveCfg = PSM|Any CPU
		{F935CC79-477F-4E4D-B934-1D8C7CAE626D}.Release|Any CPU.Build.0 = PSM|Any CPU
		{F935CC79-477F-4E4D-B934-1D8C7CAE626D}.Release|Mixed Platforms.ActiveCfg = PSM|Any CPU
		{F935CC79-477F-4E4D-B934-1D8C7CAE626D}.Release|Mixed Platforms.Build.0 = PSM|Any CPU
		{F935CC79-477F-4E4D-B934-1D8C7CAE626D}.Release|x86.ActiveCfg = PSM|Any CPU
		{F935CC79-477F-4E4D-B934-1D8C7CAE626D}.Windows|Any CPU.ActiveCfg = Windows|Any CPU
		{F935CC79-477F-4E4D-B934-1D8C7CAE626D}.Windows|Any CPU.Build.0 = Windows|Any CPU
		{F935CC79-477F-4E4D-B934-1D8C7CAE626D}.Windows|Mixed Platforms.ActiveCfg = Windows|Any CPU
		{F935CC79-477F-4E4D-B934-1D8C7CAE626D}.Windows|Mixed Platforms.Build.0 = Windows|Any CPU
		{F935CC79-477F-4E4D-B934-1D8C7CAE626D}.Windows|x86.ActiveCfg = Windows|Any CPU
		{F935CC79-477F-4E4D-B934-1D8C7CAE626D}.Windows8|Any CPU.ActiveCfg = Windows8|Any CPU
		{F935CC79-477F-4E4D-B934-1D8C7CAE626D}.Windows8|Any CPU.Build.0 = Windows8|Any CPU
		{F935CC79-477F-4E4D-B934-1D8C7CAE626D}.Windows8|Mixed Platforms.ActiveCfg = Windows8|Any CPU
		{F935CC79-477F-4E4D-B934-1D8C7CAE626D}.Windows8|Mixed Platforms.Build.0 = Windows8|Any CPU
		{F935CC79-477F-4E4D-B934-1D8C7CAE626D}.Windows8|x86.ActiveCfg = Windows8|Any CPU
		{958DF603-7E2A-44DE-9572-350BA64AD6A6}.Android|Any CPU.ActiveCfg = Android|Any CPU
		{958DF603-7E2A-44DE-9572-350BA64AD6A6}.Android|Mixed Platforms.ActiveCfg = Android|Any CPU
		{958DF603-7E2A-44DE-9572-350BA64AD6A6}.Android|x86.ActiveCfg = Android|Any CPU
		{958DF603-7E2A-44DE-9572-350BA64AD6A6}.Debug|Any CPU.ActiveCfg = PSM|Any CPU
		{958DF603-7E2A-44DE-9572-350BA64AD6A6}.Debug|Mixed Platforms.ActiveCfg = PSM|Any CPU
		{958DF603-7E2A-44DE-9572-350BA64AD6A6}.Debug|x86.ActiveCfg = PSM|Any CPU
		{958DF603-7E2A-44DE-9572-350BA64AD6A6}.iOS|Any CPU.ActiveCfg = iOS|Any CPU
		{958DF603-7E2A-44DE-9572-350BA64AD6A6}.iOS|Mixed Platforms.ActiveCfg = iOS|Any CPU
		{958DF603-7E2A-44DE-9572-350BA64AD6A6}.iOS|x86.ActiveCfg = iOS|Any CPU
		{958DF603-7E2A-44DE-9572-350BA64AD6A6}.Linux|Any CPU.ActiveCfg = Linux|Any CPU
		{958DF603-7E2A-44DE-9572-350BA64AD6A6}.Linux|Mixed Platforms.ActiveCfg = Linux|Any CPU
		{958DF603-7E2A-44DE-9572-350BA64AD6A6}.Linux|x86.ActiveCfg = Linux|Any CPU
		{958DF603-7E2A-44DE-9572-350BA64AD6A6}.Mac|Any CPU.ActiveCfg = PSM|Any CPU
		{958DF603-7E2A-44DE-9572-350BA64AD6A6}.Mac|Mixed Platforms.ActiveCfg = PSM|Any CPU
		{958DF603-7E2A-44DE-9572-350BA64AD6A6}.Mac|x86.ActiveCfg = PSM|Any CPU
		{958DF603-7E2A-44DE-9572-350BA64AD6A6}.OSX|Any CPU.ActiveCfg = OSX|Any CPU
		{958DF603-7E2A-44DE-9572-350BA64AD6A6}.OSX|Mixed Platforms.ActiveCfg = OSX|Any CPU
		{958DF603-7E2A-44DE-9572-350BA64AD6A6}.OSX|x86.ActiveCfg = OSX|Any CPU
		{958DF603-7E2A-44DE-9572-350BA64AD6A6}.PSM|Any CPU.ActiveCfg = PSM|Any CPU
		{958DF603-7E2A-44DE-9572-350BA64AD6A6}.PSM|Mixed Platforms.ActiveCfg = PSM|Any CPU
		{958DF603-7E2A-44DE-9572-350BA64AD6A6}.PSM|x86.ActiveCfg = PSM|Any CPU
		{958DF603-7E2A-44DE-9572-350BA64AD6A6}.Release|Any CPU.ActiveCfg = PSM|Any CPU
		{958DF603-7E2A-44DE-9572-350BA64AD6A6}.Release|Mixed Platforms.ActiveCfg = PSM|Any CPU
		{958DF603-7E2A-44DE-9572-350BA64AD6A6}.Release|x86.ActiveCfg = PSM|Any CPU
		{958DF603-7E2A-44DE-9572-350BA64AD6A6}.Windows|Any CPU.ActiveCfg = Windows|Any CPU
		{958DF603-7E2A-44DE-9572-350BA64AD6A6}.Windows|Mixed Platforms.ActiveCfg = Windows|Any CPU
		{958DF603-7E2A-44DE-9572-350BA64AD6A6}.Windows|x86.ActiveCfg = Windows|Any CPU
		{958DF603-7E2A-44DE-9572-350BA64AD6A6}.Windows8|Any CPU.ActiveCfg = Windows8|Any CPU
		{958DF603-7E2A-44DE-9572-350BA64AD6A6}.Windows8|Mixed Platforms.ActiveCfg = Windows8|Any CPU
		{958DF603-7E2A-44DE-9572-350BA64AD6A6}.Windows8|x86.ActiveCfg = Windows8|Any CPU
	EndGlobalSection
	GlobalSection(SolutionProperties) = preSolution
		HideSolutionNode = FALSE
	EndGlobalSection
	GlobalSection(NestedProjects) = preSolution
		{F935CC79-477F-4E4D-B934-1D8C7CAE626D} = {472A9F98-A862-4E50-BC6A-8AF61C6B2063}
		{958DF603-7E2A-44DE-9572-350BA64AD6A6} = {472A9F98-A862-4E50-BC6A-8AF61C6B2063}
	EndGlobalSection
EndGlobal
